PODS:
  - Flutter (1.0.0)
  - share_bridge_wechat_ios (0.1.0-dev.1):
    - Flutter
    - WechatOpenSDK-XCFramework (= 2.0.5)
  - WechatOpenSDK-XCFramework (2.0.5)

DEPENDENCIES:
  - Flutter (from `Flutter`)
  - share_bridge_wechat_ios (from `.symlinks/plugins/share_bridge_wechat_ios/ios`)

SPEC REPOS:
  trunk:
    - WechatOpenSDK-XCFramework

EXTERNAL SOURCES:
  Flutter:
    :path: Flutter
  share_bridge_wechat_ios:
    :path: ".symlinks/plugins/share_bridge_wechat_ios/ios"

SPEC CHECKSUMS:
  Flutter: cabc95a1d2626b1b06e7179b784ebcf0c0cde467
  share_bridge_wechat_ios: dc45021cd3e664a5c023e07c88dd624624d54b73
  WechatOpenSDK-XCFramework: ff342ae616bb86df3d236aca38059dfd4bc4a949

PODFILE CHECKSUM: ff9ad2ec3bf53af900abf7184fa166ce7710baca

COCOAPODS: 1.16.2
